
Microsoft Visual Studio Solution File, Format Version 12.00
# Visual Studio Version 17
VisualStudioVersion = 17.4.33403.182
MinimumVisualStudioVersion = 10.0.40219.1
Project("{FAE04EC0-301F-11D3-BF4B-00C04F79EFBC}") = "LojinhaDeJogos", "LojinhaDeJogos\LojinhaDeJogos.csproj", "{DA5066D5-579F-43BC-A87B-6E32B021AD2E}"
EndProject
Global
	GlobalSection(SolutionConfigurationPlatforms) = preSolution
		Debug|Any CPU = Debug|Any CPU
		Release|Any CPU = Release|Any CPU
	EndGlobalSection
	GlobalSection(ProjectConfigurationPlatforms) = postSolution
		{DA5066D5-579F-43BC-A87B-6E32B021AD2E}.Debug|Any CPU.ActiveCfg = Debug|Any CPU
		{DA5066D5-579F-43BC-A87B-6E32B021AD2E}.Debug|Any CPU.Build.0 = Debug|Any CPU
		{DA5066D5-579F-43BC-A87B-6E32B021AD2E}.Release|Any CPU.ActiveCfg = Release|Any CPU
		{DA5066D5-579F-43BC-A87B-6E32B021AD2E}.Release|Any CPU.Build.0 = Release|Any CPU
	EndGlobalSection
	GlobalSection(SolutionProperties) = preSolution
		HideSolutionNode = FALSE
	EndGlobalSection
	GlobalSection(ExtensibilityGlobals) = postSolution
		SolutionGuid = {99025321-1B3B-49CF-A361-A04AEBA343B1}
	EndGlobalSection
EndGlobal
