
Microsoft Visual Studio Solution File, Format Version 12.00
# Visual Studio Version 17
VisualStudioVersion = 17.6.33717.318
MinimumVisualStudioVersion = 10.0.40219.1
Project("{FAE04EC0-301F-11D3-BF4B-00C04F79EFBC}") = "UsuariosApi", "UsuariosApi\UsuariosApi.csproj", "{0F07E85D-47EA-41EE-AF2A-0BF830230333}"
EndProject
Global
	GlobalSection(SolutionConfigurationPlatforms) = preSolution
		Debug|Any CPU = Debug|Any CPU
		Release|Any CPU = Release|Any CPU
	EndGlobalSection
	GlobalSection(ProjectConfigurationPlatforms) = postSolution
		{0F07E85D-47EA-41EE-AF2A-0BF830230333}.Debug|Any CPU.ActiveCfg = Debug|Any CPU
		{0F07E85D-47EA-41EE-AF2A-0BF830230333}.Debug|Any CPU.Build.0 = Debug|Any CPU
		{0F07E85D-47EA-41EE-AF2A-0BF830230333}.Release|Any CPU.ActiveCfg = Release|Any CPU
		{0F07E85D-47EA-41EE-AF2A-0BF830230333}.Release|Any CPU.Build.0 = Release|Any CPU
	EndGlobalSection
	GlobalSection(SolutionProperties) = preSolution
		HideSolutionNode = FALSE
	EndGlobalSection
	GlobalSection(ExtensibilityGlobals) = postSolution
		SolutionGuid = {A5DA4A2A-AFDB-47E2-89A2-86BC86976A4A}
	EndGlobalSection
EndGlobal
