
Microsoft Visual Studio Solution File, Format Version 12.00
# Visual Studio Version 17
VisualStudioVersion = 17.4.33403.182
MinimumVisualStudioVersion = 10.0.40219.1
Project("{FAE04EC0-301F-11D3-BF4B-00C04F79EFBC}") = "multiplos de 3", "multiplos de 3\multiplos de 3.csproj", "{40B8028C-2600-4261-A8F4-BA147C746AD5}"
EndProject
Global
	GlobalSection(SolutionConfigurationPlatforms) = preSolution
		Debug|Any CPU = Debug|Any CPU
		Release|Any CPU = Release|Any CPU
	EndGlobalSection
	GlobalSection(ProjectConfigurationPlatforms) = postSolution
		{40B8028C-2600-4261-A8F4-BA147C746AD5}.Debug|Any CPU.ActiveCfg = Debug|Any CPU
		{40B8028C-2600-4261-A8F4-BA147C746AD5}.Debug|Any CPU.Build.0 = Debug|Any CPU
		{40B8028C-2600-4261-A8F4-BA147C746AD5}.Release|Any CPU.ActiveCfg = Release|Any CPU
		{40B8028C-2600-4261-A8F4-BA147C746AD5}.Release|Any CPU.Build.0 = Release|Any CPU
	EndGlobalSection
	GlobalSection(SolutionProperties) = preSolution
		HideSolutionNode = FALSE
	EndGlobalSection
	GlobalSection(ExtensibilityGlobals) = postSolution
		SolutionGuid = {366674DC-C7A4-4C3C-BF01-6D164AC1999E}
	EndGlobalSection
EndGlobal
