
Microsoft Visual Studio Solution File, Format Version 12.00
# Visual Studio Version 17
VisualStudioVersion = 17.4.33403.182
MinimumVisualStudioVersion = 10.0.40219.1
Project("{FAE04EC0-301F-11D3-BF4B-00C04F79EFBC}") = "Visitando novas cidades", "Visitando novas cidades\Visitando novas cidades.csproj", "{6A1A6FDB-FD65-4211-B6B0-3336C81C3B4F}"
EndProject
Global
	GlobalSection(SolutionConfigurationPlatforms) = preSolution
		Debug|Any CPU = Debug|Any CPU
		Release|Any CPU = Release|Any CPU
	EndGlobalSection
	GlobalSection(ProjectConfigurationPlatforms) = postSolution
		{6A1A6FDB-FD65-4211-B6B0-3336C81C3B4F}.Debug|Any CPU.ActiveCfg = Debug|Any CPU
		{6A1A6FDB-FD65-4211-B6B0-3336C81C3B4F}.Debug|Any CPU.Build.0 = Debug|Any CPU
		{6A1A6FDB-FD65-4211-B6B0-3336C81C3B4F}.Release|Any CPU.ActiveCfg = Release|Any CPU
		{6A1A6FDB-FD65-4211-B6B0-3336C81C3B4F}.Release|Any CPU.Build.0 = Release|Any CPU
	EndGlobalSection
	GlobalSection(SolutionProperties) = preSolution
		HideSolutionNode = FALSE
	EndGlobalSection
	GlobalSection(ExtensibilityGlobals) = postSolution
		SolutionGuid = {7B9A7EA6-C616-4628-8E45-E584D4ECB8AD}
	EndGlobalSection
EndGlobal
