
Microsoft Visual Studio Solution File, Format Version 12.00
# Visual Studio Version 17
VisualStudioVersion = 17.4.33403.182
MinimumVisualStudioVersion = 10.0.40219.1
Project("{FAE04EC0-301F-11D3-BF4B-00C04F79EFBC}") = "GerenciamentoDeProdutos", "GerenciamentoDeProdutos\GerenciamentoDeProdutos.csproj", "{F422C519-DFB4-4D96-AFB1-1F1FD081AB8C}"
EndProject
Global
	GlobalSection(SolutionConfigurationPlatforms) = preSolution
		Debug|Any CPU = Debug|Any CPU
		Release|Any CPU = Release|Any CPU
	EndGlobalSection
	GlobalSection(ProjectConfigurationPlatforms) = postSolution
		{F422C519-DFB4-4D96-AFB1-1F1FD081AB8C}.Debug|Any CPU.ActiveCfg = Debug|Any CPU
		{F422C519-DFB4-4D96-AFB1-1F1FD081AB8C}.Debug|Any CPU.Build.0 = Debug|Any CPU
		{F422C519-DFB4-4D96-AFB1-1F1FD081AB8C}.Release|Any CPU.ActiveCfg = Release|Any CPU
		{F422C519-DFB4-4D96-AFB1-1F1FD081AB8C}.Release|Any CPU.Build.0 = Release|Any CPU
	EndGlobalSection
	GlobalSection(SolutionProperties) = preSolution
		HideSolutionNode = FALSE
	EndGlobalSection
	GlobalSection(ExtensibilityGlobals) = postSolution
		SolutionGuid = {59B62092-281A-4C64-893F-90037AEB075C}
	EndGlobalSection
EndGlobal
