
Microsoft Visual Studio Solution File, Format Version 12.00
# Visual Studio Version 17
VisualStudioVersion = 17.5.33502.453
MinimumVisualStudioVersion = 10.0.40219.1
Project("{FAE04EC0-301F-11D3-BF4B-00C04F79EFBC}") = "Cachorro-Quente", "Cachorro-Quente\Cachorro-Quente.csproj", "{BB6D5DB6-8221-46ED-9318-ED55A57B0E5B}"
EndProject
Global
	GlobalSection(SolutionConfigurationPlatforms) = preSolution
		Debug|Any CPU = Debug|Any CPU
		Release|Any CPU = Release|Any CPU
	EndGlobalSection
	GlobalSection(ProjectConfigurationPlatforms) = postSolution
		{BB6D5DB6-8221-46ED-9318-ED55A57B0E5B}.Debug|Any CPU.ActiveCfg = Debug|Any CPU
		{BB6D5DB6-8221-46ED-9318-ED55A57B0E5B}.Debug|Any CPU.Build.0 = Debug|Any CPU
		{BB6D5DB6-8221-46ED-9318-ED55A57B0E5B}.Release|Any CPU.ActiveCfg = Release|Any CPU
		{BB6D5DB6-8221-46ED-9318-ED55A57B0E5B}.Release|Any CPU.Build.0 = Release|Any CPU
	EndGlobalSection
	GlobalSection(SolutionProperties) = preSolution
		HideSolutionNode = FALSE
	EndGlobalSection
	GlobalSection(ExtensibilityGlobals) = postSolution
		SolutionGuid = {6B5BA132-1E8F-42D6-8522-94969A0DDB68}
	EndGlobalSection
EndGlobal
