
Microsoft Visual Studio Solution File, Format Version 12.00
# Visual Studio Version 17
VisualStudioVersion = 17.5.33502.453
MinimumVisualStudioVersion = 10.0.40219.1
Project("{FAE04EC0-301F-11D3-BF4B-00C04F79EFBC}") = "CidadeSergipeApi", "CidadeSergipeApi\CidadeSergipeApi.csproj", "{3201440A-F76F-47DB-B2DC-B77635F7BC69}"
EndProject
Global
	GlobalSection(SolutionConfigurationPlatforms) = preSolution
		Debug|Any CPU = Debug|Any CPU
		Release|Any CPU = Release|Any CPU
	EndGlobalSection
	GlobalSection(ProjectConfigurationPlatforms) = postSolution
		{3201440A-F76F-47DB-B2DC-B77635F7BC69}.Debug|Any CPU.ActiveCfg = Debug|Any CPU
		{3201440A-F76F-47DB-B2DC-B77635F7BC69}.Debug|Any CPU.Build.0 = Debug|Any CPU
		{3201440A-F76F-47DB-B2DC-B77635F7BC69}.Release|Any CPU.ActiveCfg = Release|Any CPU
		{3201440A-F76F-47DB-B2DC-B77635F7BC69}.Release|Any CPU.Build.0 = Release|Any CPU
	EndGlobalSection
	GlobalSection(SolutionProperties) = preSolution
		HideSolutionNode = FALSE
	EndGlobalSection
	GlobalSection(ExtensibilityGlobals) = postSolution
		SolutionGuid = {C96B147D-48DA-40D8-933D-8572BC0E1B75}
	EndGlobalSection
EndGlobal
