
Microsoft Visual Studio Solution File, Format Version 12.00
# Visual Studio Version 17
VisualStudioVersion = 17.6.33717.318
MinimumVisualStudioVersion = 10.0.40219.1
Project("{FAE04EC0-301F-11D3-BF4B-00C04F79EFBC}") = "MusicasApi", "MusicasApi\MusicasApi.csproj", "{1C2D616D-9798-418A-8CB2-3855B4E50CCA}"
EndProject
Global
	GlobalSection(SolutionConfigurationPlatforms) = preSolution
		Debug|Any CPU = Debug|Any CPU
		Release|Any CPU = Release|Any CPU
	EndGlobalSection
	GlobalSection(ProjectConfigurationPlatforms) = postSolution
		{1C2D616D-9798-418A-8CB2-3855B4E50CCA}.Debug|Any CPU.ActiveCfg = Debug|Any CPU
		{1C2D616D-9798-418A-8CB2-3855B4E50CCA}.Debug|Any CPU.Build.0 = Debug|Any CPU
		{1C2D616D-9798-418A-8CB2-3855B4E50CCA}.Release|Any CPU.ActiveCfg = Release|Any CPU
		{1C2D616D-9798-418A-8CB2-3855B4E50CCA}.Release|Any CPU.Build.0 = Release|Any CPU
	EndGlobalSection
	GlobalSection(SolutionProperties) = preSolution
		HideSolutionNode = FALSE
	EndGlobalSection
	GlobalSection(ExtensibilityGlobals) = postSolution
		SolutionGuid = {B41A339A-E641-4008-8C3A-593D892BB8A7}
	EndGlobalSection
EndGlobal
