
Microsoft Visual Studio Solution File, Format Version 12.00
# Visual Studio Version 17
VisualStudioVersion = 17.5.33502.453
MinimumVisualStudioVersion = 10.0.40219.1
Project("{FAE04EC0-301F-11D3-BF4B-00C04F79EFBC}") = "Cor do resistor", "Cor do resistor\Cor do resistor.csproj", "{57522ADF-B4A0-4992-8DED-A537836393B0}"
EndProject
Global
	GlobalSection(SolutionConfigurationPlatforms) = preSolution
		Debug|Any CPU = Debug|Any CPU
		Release|Any CPU = Release|Any CPU
	EndGlobalSection
	GlobalSection(ProjectConfigurationPlatforms) = postSolution
		{57522ADF-B4A0-4992-8DED-A537836393B0}.Debug|Any CPU.ActiveCfg = Debug|Any CPU
		{57522ADF-B4A0-4992-8DED-A537836393B0}.Debug|Any CPU.Build.0 = Debug|Any CPU
		{57522ADF-B4A0-4992-8DED-A537836393B0}.Release|Any CPU.ActiveCfg = Release|Any CPU
		{57522ADF-B4A0-4992-8DED-A537836393B0}.Release|Any CPU.Build.0 = Release|Any CPU
	EndGlobalSection
	GlobalSection(SolutionProperties) = preSolution
		HideSolutionNode = FALSE
	EndGlobalSection
	GlobalSection(ExtensibilityGlobals) = postSolution
		SolutionGuid = {C37C6B77-2CF7-4490-BD72-7B11B92830DE}
	EndGlobalSection
EndGlobal
